
Microsoft Visual Studio Solution File, Format Version 12.00
# Visual Studio Version 17
VisualStudioVersion = 17.3.32825.248
MinimumVisualStudioVersion = 10.0.40219.1
Project("{FAE04EC0-301F-11D3-BF4B-00C04F79EFBC}") = "10.18-Exec_Number-Q1", "10.18-Exec_Number-Q1\10.18-Exec_Number-Q1.csproj", "{AFC4F170-96F4-4010-AB4A-A39986519B84}"
EndProject
Project("{FAE04EC0-301F-11D3-BF4B-00C04F79EFBC}") = "10.18-Exec_Number-Q2", "10.18-Exec_Number-Q2\10.18-Exec_Number-Q2.csproj", "{88978E86-F6FF-4F15-A255-E924B5C7BC70}"
EndProject
Project("{FAE04EC0-301F-11D3-BF4B-00C04F79EFBC}") = "10.18-Exec_Number-Q3", "10.18-Exec_Number-Q3\10.18-Exec_Number-Q3.csproj", "{728F6045-C949-4BA2-96B9-F305C35D543A}"
EndProject
Project("{FAE04EC0-301F-11D3-BF4B-00C04F79EFBC}") = "10.18-Exec_Number-Q4", "10.18-Exec_Number-Q4\10.18-Exec_Number-Q4.csproj", "{39C957D9-2AC3-480C-841A-E1067A475DC6}"
EndProject
Project("{FAE04EC0-301F-11D3-BF4B-00C04F79EFBC}") = "10.18-Exec_Number-Bonus", "10.18-Exec_Number-Bonus\10.18-Exec_Number-Bonus.csproj", "{664136EA-B33C-497F-9912-308DBDCF14E1}"
EndProject
Global
	GlobalSection(SolutionConfigurationPlatforms) = preSolution
		Debug|Any CPU = Debug|Any CPU
		Release|Any CPU = Release|Any CPU
	EndGlobalSection
	GlobalSection(ProjectConfigurationPlatforms) = postSolution
		{AFC4F170-96F4-4010-AB4A-A39986519B84}.Debug|Any CPU.ActiveCfg = Debug|Any CPU
		{AFC4F170-96F4-4010-AB4A-A39986519B84}.Debug|Any CPU.Build.0 = Debug|Any CPU
		{AFC4F170-96F4-4010-AB4A-A39986519B84}.Release|Any CPU.ActiveCfg = Release|Any CPU
		{AFC4F170-96F4-4010-AB4A-A39986519B84}.Release|Any CPU.Build.0 = Release|Any CPU
		{88978E86-F6FF-4F15-A255-E924B5C7BC70}.Debug|Any CPU.ActiveCfg = Debug|Any CPU
		{88978E86-F6FF-4F15-A255-E924B5C7BC70}.Debug|Any CPU.Build.0 = Debug|Any CPU
		{88978E86-F6FF-4F15-A255-E924B5C7BC70}.Release|Any CPU.ActiveCfg = Release|Any CPU
		{88978E86-F6FF-4F15-A255-E924B5C7BC70}.Release|Any CPU.Build.0 = Release|Any CPU
		{728F6045-C949-4BA2-96B9-F305C35D543A}.Debug|Any CPU.ActiveCfg = Debug|Any CPU
		{728F6045-C949-4BA2-96B9-F305C35D543A}.Debug|Any CPU.Build.0 = Debug|Any CPU
		{728F6045-C949-4BA2-96B9-F305C35D543A}.Release|Any CPU.ActiveCfg = Release|Any CPU
		{728F6045-C949-4BA2-96B9-F305C35D543A}.Release|Any CPU.Build.0 = Release|Any CPU
		{39C957D9-2AC3-480C-841A-E1067A475DC6}.Debug|Any CPU.ActiveCfg = Debug|Any CPU
		{39C957D9-2AC3-480C-841A-E1067A475DC6}.Debug|Any CPU.Build.0 = Debug|Any CPU
		{39C957D9-2AC3-480C-841A-E1067A475DC6}.Release|Any CPU.ActiveCfg = Release|Any CPU
		{39C957D9-2AC3-480C-841A-E1067A475DC6}.Release|Any CPU.Build.0 = Release|Any CPU
		{664136EA-B33C-497F-9912-308DBDCF14E1}.Debug|Any CPU.ActiveCfg = Debug|Any CPU
		{664136EA-B33C-497F-9912-308DBDCF14E1}.Debug|Any CPU.Build.0 = Debug|Any CPU
		{664136EA-B33C-497F-9912-308DBDCF14E1}.Release|Any CPU.ActiveCfg = Release|Any CPU
		{664136EA-B33C-497F-9912-308DBDCF14E1}.Release|Any CPU.Build.0 = Release|Any CPU
	EndGlobalSection
	GlobalSection(SolutionProperties) = preSolution
		HideSolutionNode = FALSE
	EndGlobalSection
	GlobalSection(ExtensibilityGlobals) = postSolution
		SolutionGuid = {4FF24B0A-579B-4EC6-A801-F5A85D928A6D}
	EndGlobalSection
EndGlobal
